// !$*UTF8*$!
{
	archiveVersion = 1;
	classes = {
	};
	objectVersion = 52;
	objects = {

/* Begin PBXBuildFile section */
		AD2A5A1626037537001147C3 /* README.md in Resources */ = {isa = PBXBuildFile; fileRef = AD2A5A1426037537001147C3 /* README.md */; };
		AD2A5A1726037537001147C3 /* README.md in Resources */ = {isa = PBXBuildFile; fileRef = AD2A5A1426037537001147C3 /* README.md */; };
		AD2A5A1826037537001147C3 /* README.md in Resources */ = {isa = PBXBuildFile; fileRef = AD2A5A1426037537001147C3 /* README.md */; };
		AD2A5A1926037537001147C3 /* LICENSE in Resources */ = {isa = PBXBuildFile; fileRef = AD2A5A1526037537001147C3 /* LICENSE */; };
		AD2A5A1A26037537001147C3 /* LICENSE in Resources */ = {isa = PBXBuildFile; fileRef = AD2A5A1526037537001147C3 /* LICENSE */; };
		AD2A5A1B26037537001147C3 /* LICENSE in Resources */ = {isa = PBXBuildFile; fileRef = AD2A5A1526037537001147C3 /* LICENSE */; };
		AD2A5A522603BE87001147C3 /* atom-author-link.xsd in Resources */ = {isa = PBXBuildFile; fileRef = AD2A5A4F2603BE87001147C3 /* atom-author-link.xsd */; };
		AD2A5A532603BE87001147C3 /* kml22gx.xsd in Resources */ = {isa = PBXBuildFile; fileRef = AD2A5A502603BE87001147C3 /* kml22gx.xsd */; };
		AD2A5A542603BE87001147C3 /* ogckml23.xsd in Resources */ = {isa = PBXBuildFile; fileRef = AD2A5A512603BE87001147C3 /* ogckml23.xsd */; };
		AD2A5A8426041C72001147C3 /* testdata in Resources */ = {isa = PBXBuildFile; fileRef = AD2A5A8326041C72001147C3 /* testdata */; };
		AD55D4F425E990E20069A6CE /* KMLKit.h in Headers */ = {isa = PBXBuildFile; fileRef = AD55D4F225E990E20069A6CE /* KMLKit.h */; settings = {ATTRIBUTES = (Public, ); }; };
		AD55D4FE25E991260069A6CE /* KMLAbstractView.swift in Sources */ = {isa = PBXBuildFile; fileRef = ADE1966D25E7FC0F00935306 /* KMLAbstractView.swift */; };
		AD55D50225E991390069A6CE /* KMLObject.swift in Sources */ = {isa = PBXBuildFile; fileRef = ADE1967125E7FD3E00935306 /* KMLObject.swift */; };
		AD55D50325E991390069A6CE /* KMLFeature.swift in Sources */ = {isa = PBXBuildFile; fileRef = ADE1967F25E8043100935306 /* KMLFeature.swift */; };
		AD55D50425E991390069A6CE /* KMLLookAt.swift in Sources */ = {isa = PBXBuildFile; fileRef = ADE196F325E8380900935306 /* KMLLookAt.swift */; };
		AD55D50525E991390069A6CE /* KMLLevelOfDetail.swift in Sources */ = {isa = PBXBuildFile; fileRef = ADE1969725E807CE00935306 /* KMLLevelOfDetail.swift */; };
		AD55D50625E991390069A6CE /* KMLRegion.swift in Sources */ = {isa = PBXBuildFile; fileRef = ADE1969325E8076100935306 /* KMLRegion.swift */; };
		AD55D50725E991390069A6CE /* KMLUpdateOption.swift in Sources */ = {isa = PBXBuildFile; fileRef = ADE1967525E8031D00935306 /* KMLUpdateOption.swift */; };
		AD55D50825E991390069A6CE /* KMLColor.swift in Sources */ = {isa = PBXBuildFile; fileRef = ADE196E925E8304800935306 /* KMLColor.swift */; };
		AD55D50925E991390069A6CE /* KMLAltitudeMode.swift in Sources */ = {isa = PBXBuildFile; fileRef = ADE196D325E8178100935306 /* KMLAltitudeMode.swift */; };
		AD55D50A25E991390069A6CE /* KMLRoot.swift in Sources */ = {isa = PBXBuildFile; fileRef = ADE1966025E7F84100935306 /* KMLRoot.swift */; };
		AD55D50B25E991390069A6CE /* KMLSnippet.swift in Sources */ = {isa = PBXBuildFile; fileRef = ADE1970125E84DCC00935306 /* KMLSnippet.swift */; };
		AD55D50C25E991390069A6CE /* KMLCamera.swift in Sources */ = {isa = PBXBuildFile; fileRef = ADE196EF25E8373100935306 /* KMLCamera.swift */; };
		AD55D50D25E991390069A6CE /* AtomAuthor.swift in Sources */ = {isa = PBXBuildFile; fileRef = ADE1968325E8048000935306 /* AtomAuthor.swift */; };
		AD55D50E25E991390069A6CE /* KMLLatLonAltBox.swift in Sources */ = {isa = PBXBuildFile; fileRef = ADE1970B25E91E7D00935306 /* KMLLatLonAltBox.swift */; };
		AD55D51125E991390069A6CE /* KMLTour.swift in Sources */ = {isa = PBXBuildFile; fileRef = ADE196A925E80D4F00935306 /* KMLTour.swift */; };
		AD55D51225E991390069A6CE /* KMLNetworkLinkControl.swift in Sources */ = {isa = PBXBuildFile; fileRef = ADE1966525E7FA6D00935306 /* KMLNetworkLinkControl.swift */; };
		AD55D51325E991390069A6CE /* KMLTourPrimitive.swift in Sources */ = {isa = PBXBuildFile; fileRef = ADE196B125E80E2D00935306 /* KMLTourPrimitive.swift */; };
		AD55D51425E991390069A6CE /* KMLLink.swift in Sources */ = {isa = PBXBuildFile; fileRef = ADE1968725E804FF00935306 /* KMLLink.swift */; };
		AD55D51525E991390069A6CE /* KMLStyle.swift in Sources */ = {isa = PBXBuildFile; fileRef = ADE1968F25E8073A00935306 /* KMLStyle.swift */; };
		AD55D51625E991390069A6CE /* KMLPlacemark.swift in Sources */ = {isa = PBXBuildFile; fileRef = ADE196FD25E84A3F00935306 /* KMLPlacemark.swift */; };
		AD55D51725E991390069A6CE /* KMLContainer.swift in Sources */ = {isa = PBXBuildFile; fileRef = ADE196A125E809F700935306 /* KMLContainer.swift */; };
		AD55D51925E991390069A6CE /* KMLGeometry.swift in Sources */ = {isa = PBXBuildFile; fileRef = ADE196CD25E8167B00935306 /* KMLGeometry.swift */; };
		AD55D51A25E991390069A6CE /* KMLOverlay.swift in Sources */ = {isa = PBXBuildFile; fileRef = ADE196B725E8112100935306 /* KMLOverlay.swift */; };
		AD55D51B25E991390069A6CE /* KMLOrientation.swift in Sources */ = {isa = PBXBuildFile; fileRef = ADE196DD25E829CE00935306 /* KMLOrientation.swift */; };
		AD55D51F25E9914A0069A6CE /* KMLParser.swift in Sources */ = {isa = PBXBuildFile; fileRef = ADE1963C25E7F4D500935306 /* KMLParser.swift */; };
		AD55D52125E9914A0069A6CE /* ParsingError.swift in Sources */ = {isa = PBXBuildFile; fileRef = ADE1965025E7F58500935306 /* ParsingError.swift */; };
		AD55D52825E991780069A6CE /* ZIPFoundation in Frameworks */ = {isa = PBXBuildFile; productRef = AD55D52725E991780069A6CE /* ZIPFoundation */; };
		AD55D54025E997200069A6CE /* KmlColorTest.swift in Sources */ = {isa = PBXBuildFile; fileRef = AD55D53F25E997200069A6CE /* KmlColorTest.swift */; };
		AD55D56025E9CD600069A6CE /* stylemap_example.kml in Resources */ = {isa = PBXBuildFile; fileRef = AD55D54425E9CD5F0069A6CE /* stylemap_example.kml */; };
		AD55D56125E9CD600069A6CE /* liststyle_example.kml in Resources */ = {isa = PBXBuildFile; fileRef = AD55D54525E9CD5F0069A6CE /* liststyle_example.kml */; };
		AD55D56225E9CD600069A6CE /* altitudemode_reference.kml in Resources */ = {isa = PBXBuildFile; fileRef = AD55D54625E9CD5F0069A6CE /* altitudemode_reference.kml */; };
		AD55D56325E9CD600069A6CE /* linestyle_example.kml in Resources */ = {isa = PBXBuildFile; fileRef = AD55D54725E9CD5F0069A6CE /* linestyle_example.kml */; };
		AD55D56425E9CD600069A6CE /* iconstyle_example.kml in Resources */ = {isa = PBXBuildFile; fileRef = AD55D54825E9CD5F0069A6CE /* iconstyle_example.kml */; };
		AD55D56525E9CD600069A6CE /* latlonquad_example.kml in Resources */ = {isa = PBXBuildFile; fileRef = AD55D54925E9CD5F0069A6CE /* latlonquad_example.kml */; };
		AD55D56625E9CD600069A6CE /* polygon_example.kml in Resources */ = {isa = PBXBuildFile; fileRef = AD55D54A25E9CD5F0069A6CE /* polygon_example.kml */; };
		AD55D56725E9CD600069A6CE /* linearring_example.kml in Resources */ = {isa = PBXBuildFile; fileRef = AD55D54B25E9CD5F0069A6CE /* linearring_example.kml */; };
		AD55D56825E9CD600069A6CE /* animatedupdate_example.kml in Resources */ = {isa = PBXBuildFile; fileRef = AD55D54C25E9CD5F0069A6CE /* animatedupdate_example.kml */; };
		AD55D56925E9CD600069A6CE /* embedded_video_sample.kml in Resources */ = {isa = PBXBuildFile; fileRef = AD55D54D25E9CD5F0069A6CE /* embedded_video_sample.kml */; };
		AD55D56A25E9CD600069A6CE /* networklinkcontrol_example.kml in Resources */ = {isa = PBXBuildFile; fileRef = AD55D54E25E9CD5F0069A6CE /* networklinkcontrol_example.kml */; };
		AD55D56B25E9CD600069A6CE /* balloonvisibility_example.kml in Resources */ = {isa = PBXBuildFile; fileRef = AD55D54F25E9CD5F0069A6CE /* balloonvisibility_example.kml */; };
		AD55D56C25E9CD600069A6CE /* folder_example.kml in Resources */ = {isa = PBXBuildFile; fileRef = AD55D55025E9CD5F0069A6CE /* folder_example.kml */; };
		AD55D56D25E9CD600069A6CE /* balloonstyle_example.kml in Resources */ = {isa = PBXBuildFile; fileRef = AD55D55125E9CD5F0069A6CE /* balloonstyle_example.kml */; };
		AD55D56E25E9CD600069A6CE /* groundoverlay_example.kml in Resources */ = {isa = PBXBuildFile; fileRef = AD55D55225E9CD5F0069A6CE /* groundoverlay_example.kml */; };
		AD55D56F25E9CD600069A6CE /* polystyle_example.kml in Resources */ = {isa = PBXBuildFile; fileRef = AD55D55325E9CD5F0069A6CE /* polystyle_example.kml */; };
		AD55D57025E9CD600069A6CE /* lookat_example.kml in Resources */ = {isa = PBXBuildFile; fileRef = AD55D55425E9CD5F0069A6CE /* lookat_example.kml */; };
		AD55D57125E9CD600069A6CE /* tourprimitive_example.kml in Resources */ = {isa = PBXBuildFile; fileRef = AD55D55525E9CD5F0069A6CE /* tourprimitive_example.kml */; };
		AD55D57225E9CD600069A6CE /* document_example.kml in Resources */ = {isa = PBXBuildFile; fileRef = AD55D55625E9CD5F0069A6CE /* document_example.kml */; };
		AD55D57325E9CD600069A6CE /* track_example.kml in Resources */ = {isa = PBXBuildFile; fileRef = AD55D55725E9CD600069A6CE /* track_example.kml */; };
		AD55D57425E9CD600069A6CE /* simplefield_example.kml in Resources */ = {isa = PBXBuildFile; fileRef = AD55D55825E9CD600069A6CE /* simplefield_example.kml */; };
		AD55D57525E9CD600069A6CE /* author_example.kml in Resources */ = {isa = PBXBuildFile; fileRef = AD55D55925E9CD600069A6CE /* author_example.kml */; };
		AD55D57625E9CD600069A6CE /* placemark_example.kml in Resources */ = {isa = PBXBuildFile; fileRef = AD55D55A25E9CD600069A6CE /* placemark_example.kml */; };
		AD55D57725E9CD600069A6CE /* timespan_example.kml in Resources */ = {isa = PBXBuildFile; fileRef = AD55D55B25E9CD600069A6CE /* timespan_example.kml */; };
		AD55D57825E9CD600069A6CE /* balloonvisibility_tourexample.kml in Resources */ = {isa = PBXBuildFile; fileRef = AD55D55C25E9CD600069A6CE /* balloonvisibility_tourexample.kml */; };
		AD55D57925E9CD600069A6CE /* labelstyle_example.kml in Resources */ = {isa = PBXBuildFile; fileRef = AD55D55D25E9CD600069A6CE /* labelstyle_example.kml */; };
		AD55D57A25E9CD600069A6CE /* track_extended_example.kml in Resources */ = {isa = PBXBuildFile; fileRef = AD55D55E25E9CD600069A6CE /* track_extended_example.kml */; };
		AD55D57B25E9CD600069A6CE /* linestring_example.kml in Resources */ = {isa = PBXBuildFile; fileRef = AD55D55F25E9CD600069A6CE /* linestring_example.kml */; };
		AD55D5E025EBE6590069A6CE /* KMLTimeStamp.swift in Sources */ = {isa = PBXBuildFile; fileRef = AD55D5DF25EBE6590069A6CE /* KMLTimeStamp.swift */; };
		AD55D5E125EBE6590069A6CE /* KMLTimeStamp.swift in Sources */ = {isa = PBXBuildFile; fileRef = AD55D5DF25EBE6590069A6CE /* KMLTimeStamp.swift */; };
		AD55D5E625EC267A0069A6CE /* KMLSchema.swift in Sources */ = {isa = PBXBuildFile; fileRef = AD55D5E525EC267A0069A6CE /* KMLSchema.swift */; };
		AD55D5E725EC267A0069A6CE /* KMLSchema.swift in Sources */ = {isa = PBXBuildFile; fileRef = AD55D5E525EC267A0069A6CE /* KMLSchema.swift */; };
		AD55D5EC25EC26B70069A6CE /* KMLSimpleField.swift in Sources */ = {isa = PBXBuildFile; fileRef = AD55D5EB25EC26B70069A6CE /* KMLSimpleField.swift */; };
		AD55D5ED25EC26B70069A6CE /* KMLSimpleField.swift in Sources */ = {isa = PBXBuildFile; fileRef = AD55D5EB25EC26B70069A6CE /* KMLSimpleField.swift */; };
		AD55D5F225EC625E0069A6CE /* KMLDocument.swift in Sources */ = {isa = PBXBuildFile; fileRef = AD55D5F125EC625E0069A6CE /* KMLDocument.swift */; };
		AD55D5F325EC625E0069A6CE /* KMLDocument.swift in Sources */ = {isa = PBXBuildFile; fileRef = AD55D5F125EC625E0069A6CE /* KMLDocument.swift */; };
		AD55D5FB25ED40400069A6CE /* KMLData.swift in Sources */ = {isa = PBXBuildFile; fileRef = AD55D5FA25ED40400069A6CE /* KMLData.swift */; };
		AD55D5FC25ED40400069A6CE /* KMLData.swift in Sources */ = {isa = PBXBuildFile; fileRef = AD55D5FA25ED40400069A6CE /* KMLData.swift */; };
		AD55D60D25ED44890069A6CE /* KMLSimpleData.swift in Sources */ = {isa = PBXBuildFile; fileRef = AD55D60C25ED44890069A6CE /* KMLSimpleData.swift */; };
		AD55D60E25ED44890069A6CE /* KMLSimpleData.swift in Sources */ = {isa = PBXBuildFile; fileRef = AD55D60C25ED44890069A6CE /* KMLSimpleData.swift */; };
		AD55D61325ED451E0069A6CE /* KMLSchemaData.swift in Sources */ = {isa = PBXBuildFile; fileRef = AD55D61225ED451E0069A6CE /* KMLSchemaData.swift */; };
		AD55D61425ED451E0069A6CE /* KMLSchemaData.swift in Sources */ = {isa = PBXBuildFile; fileRef = AD55D61225ED451E0069A6CE /* KMLSchemaData.swift */; };
		AD55D61925ED48780069A6CE /* KMLTrack.swift in Sources */ = {isa = PBXBuildFile; fileRef = AD55D61825ED48780069A6CE /* KMLTrack.swift */; };
		AD55D61A25ED48780069A6CE /* KMLTrack.swift in Sources */ = {isa = PBXBuildFile; fileRef = AD55D61825ED48780069A6CE /* KMLTrack.swift */; };
		AD55D62225ED62410069A6CE /* address_example.kml in Resources */ = {isa = PBXBuildFile; fileRef = AD55D62125ED62410069A6CE /* address_example.kml */; };
		AD55D62D25EDAB2C0069A6CE /* kitchen_sink.kml in Resources */ = {isa = PBXBuildFile; fileRef = AD55D62C25EDAB2C0069A6CE /* kitchen_sink.kml */; };
		AD55D63525EDAE730069A6CE /* photooverlay_example.kml in Resources */ = {isa = PBXBuildFile; fileRef = AD55D63425EDAE730069A6CE /* photooverlay_example.kml */; };
		AD55D65325EEDF550069A6CE /* AtomLink.swift in Sources */ = {isa = PBXBuildFile; fileRef = AD55D64525EEDDD80069A6CE /* AtomLink.swift */; };
		AD55D65425EEDF560069A6CE /* AtomLink.swift in Sources */ = {isa = PBXBuildFile; fileRef = AD55D64525EEDDD80069A6CE /* AtomLink.swift */; };
		AD55D69925EF12910069A6CE /* KMLNetworkLink.swift in Sources */ = {isa = PBXBuildFile; fileRef = AD55D69825EF12910069A6CE /* KMLNetworkLink.swift */; };
		AD55D69A25EF12910069A6CE /* KMLNetworkLink.swift in Sources */ = {isa = PBXBuildFile; fileRef = AD55D69825EF12910069A6CE /* KMLNetworkLink.swift */; };
		AD55D6AD25F02C7F0069A6CE /* KMLWriterTest.swift in Sources */ = {isa = PBXBuildFile; fileRef = AD55D6AC25F02C7E0069A6CE /* KMLWriterTest.swift */; };
		AD9AF45E261503E50023C647 /* ogckml22.xsd in Resources */ = {isa = PBXBuildFile; fileRef = AD9AF45D261503E50023C647 /* ogckml22.xsd */; };
		ADE1962925E7F2CB00935306 /* KMLKit.framework in Frameworks */ = {isa = PBXBuildFile; fileRef = ADE1961F25E7F2CB00935306 /* KMLKit.framework */; };
		ADE1963025E7F2CB00935306 /* KMLKit.h in Headers */ = {isa = PBXBuildFile; fileRef = ADE1962225E7F2CB00935306 /* KMLKit.h */; settings = {ATTRIBUTES = (Public, ); }; };
		ADE1963E25E7F4D500935306 /* KMLParser.swift in Sources */ = {isa = PBXBuildFile; fileRef = ADE1963C25E7F4D500935306 /* KMLParser.swift */; };
		ADE1964625E7F4E400935306 /* KMLParserTest.swift in Sources */ = {isa = PBXBuildFile; fileRef = ADE1964425E7F4E400935306 /* KMLParserTest.swift */; };
		ADE1964D25E7F54C00935306 /* ZIPFoundation in Frameworks */ = {isa = PBXBuildFile; productRef = ADE1964C25E7F54C00935306 /* ZIPFoundation */; };
		ADE1965125E7F58500935306 /* ParsingError.swift in Sources */ = {isa = PBXBuildFile; fileRef = ADE1965025E7F58500935306 /* ParsingError.swift */; };
		ADE1965A25E7F71F00935306 /* aprsfi_export_W8AGT-9_20210222_122629_20210225_122629.kml in Resources */ = {isa = PBXBuildFile; fileRef = ADE1965825E7F71F00935306 /* aprsfi_export_W8AGT-9_20210222_122629_20210225_122629.kml */; };
		ADE1965B25E7F71F00935306 /* aprsfi_export_W8AGT-9_20210222_122629_20210225_122629.kmz in Resources */ = {isa = PBXBuildFile; fileRef = ADE1965925E7F71F00935306 /* aprsfi_export_W8AGT-9_20210222_122629_20210225_122629.kmz */; };
		ADE1966125E7F84100935306 /* KMLRoot.swift in Sources */ = {isa = PBXBuildFile; fileRef = ADE1966025E7F84100935306 /* KMLRoot.swift */; };
		ADE1966625E7FA6D00935306 /* KMLNetworkLinkControl.swift in Sources */ = {isa = PBXBuildFile; fileRef = ADE1966525E7FA6D00935306 /* KMLNetworkLinkControl.swift */; };
		ADE1966E25E7FC0F00935306 /* KMLAbstractView.swift in Sources */ = {isa = PBXBuildFile; fileRef = ADE1966D25E7FC0F00935306 /* KMLAbstractView.swift */; };
		ADE1967225E7FD3E00935306 /* KMLObject.swift in Sources */ = {isa = PBXBuildFile; fileRef = ADE1967125E7FD3E00935306 /* KMLObject.swift */; };
		ADE1967625E8031D00935306 /* KMLUpdateOption.swift in Sources */ = {isa = PBXBuildFile; fileRef = ADE1967525E8031D00935306 /* KMLUpdateOption.swift */; };
		ADE1968025E8043100935306 /* KMLFeature.swift in Sources */ = {isa = PBXBuildFile; fileRef = ADE1967F25E8043100935306 /* KMLFeature.swift */; };
		ADE1968425E8048000935306 /* AtomAuthor.swift in Sources */ = {isa = PBXBuildFile; fileRef = ADE1968325E8048000935306 /* AtomAuthor.swift */; };
		ADE1968825E804FF00935306 /* KMLLink.swift in Sources */ = {isa = PBXBuildFile; fileRef = ADE1968725E804FF00935306 /* KMLLink.swift */; };
		ADE1969025E8073A00935306 /* KMLStyle.swift in Sources */ = {isa = PBXBuildFile; fileRef = ADE1968F25E8073A00935306 /* KMLStyle.swift */; };
		ADE1969425E8076100935306 /* KMLRegion.swift in Sources */ = {isa = PBXBuildFile; fileRef = ADE1969325E8076100935306 /* KMLRegion.swift */; };
		ADE1969825E807CE00935306 /* KMLLevelOfDetail.swift in Sources */ = {isa = PBXBuildFile; fileRef = ADE1969725E807CE00935306 /* KMLLevelOfDetail.swift */; };
		ADE196A225E809F700935306 /* KMLContainer.swift in Sources */ = {isa = PBXBuildFile; fileRef = ADE196A125E809F700935306 /* KMLContainer.swift */; };
		ADE196AA25E80D4F00935306 /* KMLTour.swift in Sources */ = {isa = PBXBuildFile; fileRef = ADE196A925E80D4F00935306 /* KMLTour.swift */; };
		ADE196B225E80E2D00935306 /* KMLTourPrimitive.swift in Sources */ = {isa = PBXBuildFile; fileRef = ADE196B125E80E2D00935306 /* KMLTourPrimitive.swift */; };
		ADE196B825E8112100935306 /* KMLOverlay.swift in Sources */ = {isa = PBXBuildFile; fileRef = ADE196B725E8112100935306 /* KMLOverlay.swift */; };
		ADE196CE25E8167B00935306 /* KMLGeometry.swift in Sources */ = {isa = PBXBuildFile; fileRef = ADE196CD25E8167B00935306 /* KMLGeometry.swift */; };
		ADE196D425E8178100935306 /* KMLAltitudeMode.swift in Sources */ = {isa = PBXBuildFile; fileRef = ADE196D325E8178100935306 /* KMLAltitudeMode.swift */; };
		ADE196DE25E829CE00935306 /* KMLOrientation.swift in Sources */ = {isa = PBXBuildFile; fileRef = ADE196DD25E829CE00935306 /* KMLOrientation.swift */; };
		ADE196EA25E8304800935306 /* KMLColor.swift in Sources */ = {isa = PBXBuildFile; fileRef = ADE196E925E8304800935306 /* KMLColor.swift */; };
		ADE196F025E8373200935306 /* KMLCamera.swift in Sources */ = {isa = PBXBuildFile; fileRef = ADE196EF25E8373100935306 /* KMLCamera.swift */; };
		ADE196F425E8380900935306 /* KMLLookAt.swift in Sources */ = {isa = PBXBuildFile; fileRef = ADE196F325E8380900935306 /* KMLLookAt.swift */; };
		ADE196FE25E84A3F00935306 /* KMLPlacemark.swift in Sources */ = {isa = PBXBuildFile; fileRef = ADE196FD25E84A3F00935306 /* KMLPlacemark.swift */; };
		ADE1970225E84DCC00935306 /* KMLSnippet.swift in Sources */ = {isa = PBXBuildFile; fileRef = ADE1970125E84DCC00935306 /* KMLSnippet.swift */; };
		ADE1970625E8601300935306 /* KML_Samples.kml in Resources */ = {isa = PBXBuildFile; fileRef = ADE1970525E8601300935306 /* KML_Samples.kml */; };
		ADE1970C25E91E7D00935306 /* KMLLatLonAltBox.swift in Sources */ = {isa = PBXBuildFile; fileRef = ADE1970B25E91E7D00935306 /* KMLLatLonAltBox.swift */; };
		ADE1972225E9652100935306 /* KMLWriter.swift in Sources */ = {isa = PBXBuildFile; fileRef = ADE1972125E9652100935306 /* KMLWriter.swift */; };
/* End PBXBuildFile section */

/* Begin PBXContainerItemProxy section */
		ADE1962A25E7F2CB00935306 /* PBXContainerItemProxy */ = {
			isa = PBXContainerItemProxy;
			containerPortal = ADE1961625E7F2CB00935306 /* Project object */;
			proxyType = 1;
			remoteGlobalIDString = ADE1961E25E7F2CB00935306;
			remoteInfo = KMLKit;
		};
/* End PBXContainerItemProxy section */

/* Begin PBXFileReference section */
		AD2A5A1426037537001147C3 /* README.md */ = {isa = PBXFileReference; fileEncoding = 4; lastKnownFileType = net.daringfireball.markdown; path = README.md; sourceTree = "<group>"; };
		AD2A5A1526037537001147C3 /* LICENSE */ = {isa = PBXFileReference; fileEncoding = 4; lastKnownFileType = text; path = LICENSE; sourceTree = "<group>"; };
		AD2A5A4F2603BE87001147C3 /* atom-author-link.xsd */ = {isa = PBXFileReference; fileEncoding = 4; lastKnownFileType = text.xml; path = "atom-author-link.xsd"; sourceTree = "<group>"; };
		AD2A5A502603BE87001147C3 /* kml22gx.xsd */ = {isa = PBXFileReference; fileEncoding = 4; lastKnownFileType = text.xml; path = kml22gx.xsd; sourceTree = "<group>"; };
		AD2A5A512603BE87001147C3 /* ogckml23.xsd */ = {isa = PBXFileReference; fileEncoding = 4; lastKnownFileType = text.xml; path = ogckml23.xsd; sourceTree = "<group>"; };
		AD2A5A8326041C72001147C3 /* testdata */ = {isa = PBXFileReference; lastKnownFileType = folder; name = testdata; path = libkml/testdata; sourceTree = "<group>"; };
		AD55D4F025E990E20069A6CE /* KMLKit.framework */ = {isa = PBXFileReference; explicitFileType = wrapper.framework; includeInIndex = 0; path = KMLKit.framework; sourceTree = BUILT_PRODUCTS_DIR; };
		AD55D4F225E990E20069A6CE /* KMLKit.h */ = {isa = PBXFileReference; lastKnownFileType = sourcecode.c.h; path = KMLKit.h; sourceTree = "<group>"; };
		AD55D4F325E990E20069A6CE /* Info.plist */ = {isa = PBXFileReference; lastKnownFileType = text.plist.xml; path = Info.plist; sourceTree = "<group>"; };
		AD55D53F25E997200069A6CE /* KmlColorTest.swift */ = {isa = PBXFileReference; lastKnownFileType = sourcecode.swift; path = KmlColorTest.swift; sourceTree = "<group>"; };
		AD55D54425E9CD5F0069A6CE /* stylemap_example.kml */ = {isa = PBXFileReference; fileEncoding = 4; lastKnownFileType = text.xml; path = stylemap_example.kml; sourceTree = "<group>"; };
		AD55D54525E9CD5F0069A6CE /* liststyle_example.kml */ = {isa = PBXFileReference; fileEncoding = 4; lastKnownFileType = text.xml; path = liststyle_example.kml; sourceTree = "<group>"; };
		AD55D54625E9CD5F0069A6CE /* altitudemode_reference.kml */ = {isa = PBXFileReference; fileEncoding = 4; lastKnownFileType = text.xml; path = altitudemode_reference.kml; sourceTree = "<group>"; };
		AD55D54725E9CD5F0069A6CE /* linestyle_example.kml */ = {isa = PBXFileReference; fileEncoding = 4; lastKnownFileType = text.xml; path = linestyle_example.kml; sourceTree = "<group>"; };
		AD55D54825E9CD5F0069A6CE /* iconstyle_example.kml */ = {isa = PBXFileReference; fileEncoding = 4; lastKnownFileType = text.xml; path = iconstyle_example.kml; sourceTree = "<group>"; };
		AD55D54925E9CD5F0069A6CE /* latlonquad_example.kml */ = {isa = PBXFileReference; fileEncoding = 4; lastKnownFileType = text.xml; path = latlonquad_example.kml; sourceTree = "<group>"; };
		AD55D54A25E9CD5F0069A6CE /* polygon_example.kml */ = {isa = PBXFileReference; fileEncoding = 4; lastKnownFileType = text.xml; path = polygon_example.kml; sourceTree = "<group>"; };
		AD55D54B25E9CD5F0069A6CE /* linearring_example.kml */ = {isa = PBXFileReference; fileEncoding = 4; lastKnownFileType = text.xml; path = linearring_example.kml; sourceTree = "<group>"; };
		AD55D54C25E9CD5F0069A6CE /* animatedupdate_example.kml */ = {isa = PBXFileReference; fileEncoding = 4; lastKnownFileType = text.xml; path = animatedupdate_example.kml; sourceTree = "<group>"; };
		AD55D54D25E9CD5F0069A6CE /* embedded_video_sample.kml */ = {isa = PBXFileReference; fileEncoding = 4; lastKnownFileType = text.xml; path = embedded_video_sample.kml; sourceTree = "<group>"; };
		AD55D54E25E9CD5F0069A6CE /* networklinkcontrol_example.kml */ = {isa = PBXFileReference; fileEncoding = 4; lastKnownFileType = text; path = networklinkcontrol_example.kml; sourceTree = "<group>"; };
		AD55D54F25E9CD5F0069A6CE /* balloonvisibility_example.kml */ = {isa = PBXFileReference; fileEncoding = 4; lastKnownFileType = text.xml; path = balloonvisibility_example.kml; sourceTree = "<group>"; };
		AD55D55025E9CD5F0069A6CE /* folder_example.kml */ = {isa = PBXFileReference; fileEncoding = 4; lastKnownFileType = text.xml; path = folder_example.kml; sourceTree = "<group>"; };
		AD55D55125E9CD5F0069A6CE /* balloonstyle_example.kml */ = {isa = PBXFileReference; fileEncoding = 4; lastKnownFileType = text.xml; path = balloonstyle_example.kml; sourceTree = "<group>"; };
		AD55D55225E9CD5F0069A6CE /* groundoverlay_example.kml */ = {isa = PBXFileReference; fileEncoding = 4; lastKnownFileType = text.xml; path = groundoverlay_example.kml; sourceTree = "<group>"; };
		AD55D55325E9CD5F0069A6CE /* polystyle_example.kml */ = {isa = PBXFileReference; fileEncoding = 4; lastKnownFileType = text.xml; path = polystyle_example.kml; sourceTree = "<group>"; };
		AD55D55425E9CD5F0069A6CE /* lookat_example.kml */ = {isa = PBXFileReference; fileEncoding = 4; lastKnownFileType = text.xml; path = lookat_example.kml; sourceTree = "<group>"; };
		AD55D55525E9CD5F0069A6CE /* tourprimitive_example.kml */ = {isa = PBXFileReference; fileEncoding = 4; lastKnownFileType = text.xml; path = tourprimitive_example.kml; sourceTree = "<group>"; };
		AD55D55625E9CD5F0069A6CE /* document_example.kml */ = {isa = PBXFileReference; fileEncoding = 4; lastKnownFileType = text.xml; path = document_example.kml; sourceTree = "<group>"; };
		AD55D55725E9CD600069A6CE /* track_example.kml */ = {isa = PBXFileReference; fileEncoding = 4; lastKnownFileType = text.xml; path = track_example.kml; sourceTree = "<group>"; };
		AD55D55825E9CD600069A6CE /* simplefield_example.kml */ = {isa = PBXFileReference; fileEncoding = 4; lastKnownFileType = text.xml; path = simplefield_example.kml; sourceTree = "<group>"; };
		AD55D55925E9CD600069A6CE /* author_example.kml */ = {isa = PBXFileReference; fileEncoding = 4; lastKnownFileType = text; path = author_example.kml; sourceTree = "<group>"; };
		AD55D55A25E9CD600069A6CE /* placemark_example.kml */ = {isa = PBXFileReference; fileEncoding = 4; lastKnownFileType = text.xml; path = placemark_example.kml; sourceTree = "<group>"; };
		AD55D55B25E9CD600069A6CE /* timespan_example.kml */ = {isa = PBXFileReference; fileEncoding = 4; lastKnownFileType = text.xml; path = timespan_example.kml; sourceTree = "<group>"; };
		AD55D55C25E9CD600069A6CE /* balloonvisibility_tourexample.kml */ = {isa = PBXFileReference; fileEncoding = 4; lastKnownFileType = text.xml; path = balloonvisibility_tourexample.kml; sourceTree = "<group>"; };
		AD55D55D25E9CD600069A6CE /* labelstyle_example.kml */ = {isa = PBXFileReference; fileEncoding = 4; lastKnownFileType = text.xml; path = labelstyle_example.kml; sourceTree = "<group>"; };
		AD55D55E25E9CD600069A6CE /* track_extended_example.kml */ = {isa = PBXFileReference; fileEncoding = 4; lastKnownFileType = text.xml; path = track_extended_example.kml; sourceTree = "<group>"; };
		AD55D55F25E9CD600069A6CE /* linestring_example.kml */ = {isa = PBXFileReference; fileEncoding = 4; lastKnownFileType = text.xml; path = linestring_example.kml; sourceTree = "<group>"; };
		AD55D5DF25EBE6590069A6CE /* KMLTimeStamp.swift */ = {isa = PBXFileReference; lastKnownFileType = sourcecode.swift; path = KMLTimeStamp.swift; sourceTree = "<group>"; };
		AD55D5E525EC267A0069A6CE /* KMLSchema.swift */ = {isa = PBXFileReference; lastKnownFileType = sourcecode.swift; path = KMLSchema.swift; sourceTree = "<group>"; };
		AD55D5EB25EC26B70069A6CE /* KMLSimpleField.swift */ = {isa = PBXFileReference; lastKnownFileType = sourcecode.swift; path = KMLSimpleField.swift; sourceTree = "<group>"; };
		AD55D5F125EC625E0069A6CE /* KMLDocument.swift */ = {isa = PBXFileReference; lastKnownFileType = sourcecode.swift; path = KMLDocument.swift; sourceTree = "<group>"; };
		AD55D5FA25ED40400069A6CE /* KMLData.swift */ = {isa = PBXFileReference; lastKnownFileType = sourcecode.swift; path = KMLData.swift; sourceTree = "<group>"; };
		AD55D60C25ED44890069A6CE /* KMLSimpleData.swift */ = {isa = PBXFileReference; lastKnownFileType = sourcecode.swift; path = KMLSimpleData.swift; sourceTree = "<group>"; };
		AD55D61225ED451E0069A6CE /* KMLSchemaData.swift */ = {isa = PBXFileReference; lastKnownFileType = sourcecode.swift; path = KMLSchemaData.swift; sourceTree = "<group>"; };
		AD55D61825ED48780069A6CE /* KMLTrack.swift */ = {isa = PBXFileReference; lastKnownFileType = sourcecode.swift; path = KMLTrack.swift; sourceTree = "<group>"; };
		AD55D62125ED62410069A6CE /* address_example.kml */ = {isa = PBXFileReference; fileEncoding = 4; lastKnownFileType = text.xml; path = address_example.kml; sourceTree = "<group>"; };
		AD55D62C25EDAB2C0069A6CE /* kitchen_sink.kml */ = {isa = PBXFileReference; fileEncoding = 4; lastKnownFileType = text.xml; path = kitchen_sink.kml; sourceTree = "<group>"; };
		AD55D63425EDAE730069A6CE /* photooverlay_example.kml */ = {isa = PBXFileReference; fileEncoding = 4; lastKnownFileType = text; path = photooverlay_example.kml; sourceTree = "<group>"; };
		AD55D64525EEDDD80069A6CE /* AtomLink.swift */ = {isa = PBXFileReference; lastKnownFileType = sourcecode.swift; path = AtomLink.swift; sourceTree = "<group>"; };
		AD55D69825EF12910069A6CE /* KMLNetworkLink.swift */ = {isa = PBXFileReference; lastKnownFileType = sourcecode.swift; path = KMLNetworkLink.swift; sourceTree = "<group>"; };
		AD55D6AC25F02C7E0069A6CE /* KMLWriterTest.swift */ = {isa = PBXFileReference; lastKnownFileType = sourcecode.swift; path = KMLWriterTest.swift; sourceTree = "<group>"; };
		AD9AF45D261503E50023C647 /* ogckml22.xsd */ = {isa = PBXFileReference; fileEncoding = 4; lastKnownFileType = text.xml; path = ogckml22.xsd; sourceTree = "<group>"; };
		ADE1961F25E7F2CB00935306 /* KMLKit.framework */ = {isa = PBXFileReference; explicitFileType = wrapper.framework; includeInIndex = 0; path = KMLKit.framework; sourceTree = BUILT_PRODUCTS_DIR; };
		ADE1962225E7F2CB00935306 /* KMLKit.h */ = {isa = PBXFileReference; lastKnownFileType = sourcecode.c.h; path = KMLKit.h; sourceTree = "<group>"; };
		ADE1962325E7F2CB00935306 /* Info.plist */ = {isa = PBXFileReference; lastKnownFileType = text.plist.xml; path = Info.plist; sourceTree = "<group>"; };
		ADE1962825E7F2CB00935306 /* KMLKitTests.xctest */ = {isa = PBXFileReference; explicitFileType = wrapper.cfbundle; includeInIndex = 0; path = KMLKitTests.xctest; sourceTree = BUILT_PRODUCTS_DIR; };
		ADE1962F25E7F2CB00935306 /* Info.plist */ = {isa = PBXFileReference; lastKnownFileType = text.plist.xml; path = Info.plist; sourceTree = "<group>"; };
		ADE1963C25E7F4D500935306 /* KMLParser.swift */ = {isa = PBXFileReference; fileEncoding = 4; lastKnownFileType = sourcecode.swift; path = KMLParser.swift; sourceTree = "<group>"; };
		ADE1964425E7F4E400935306 /* KMLParserTest.swift */ = {isa = PBXFileReference; fileEncoding = 4; lastKnownFileType = sourcecode.swift; path = KMLParserTest.swift; sourceTree = "<group>"; };
		ADE1965025E7F58500935306 /* ParsingError.swift */ = {isa = PBXFileReference; lastKnownFileType = sourcecode.swift; path = ParsingError.swift; sourceTree = "<group>"; };
		ADE1965825E7F71F00935306 /* aprsfi_export_W8AGT-9_20210222_122629_20210225_122629.kml */ = {isa = PBXFileReference; fileEncoding = 4; lastKnownFileType = text.xml; path = "aprsfi_export_W8AGT-9_20210222_122629_20210225_122629.kml"; sourceTree = "<group>"; };
		ADE1965925E7F71F00935306 /* aprsfi_export_W8AGT-9_20210222_122629_20210225_122629.kmz */ = {isa = PBXFileReference; lastKnownFileType = file; path = "aprsfi_export_W8AGT-9_20210222_122629_20210225_122629.kmz"; sourceTree = "<group>"; };
		ADE1966025E7F84100935306 /* KMLRoot.swift */ = {isa = PBXFileReference; lastKnownFileType = sourcecode.swift; path = KMLRoot.swift; sourceTree = "<group>"; };
		ADE1966525E7FA6D00935306 /* KMLNetworkLinkControl.swift */ = {isa = PBXFileReference; lastKnownFileType = sourcecode.swift; path = KMLNetworkLinkControl.swift; sourceTree = "<group>"; };
		ADE1966D25E7FC0F00935306 /* KMLAbstractView.swift */ = {isa = PBXFileReference; lastKnownFileType = sourcecode.swift; path = KMLAbstractView.swift; sourceTree = "<group>"; };
		ADE1967125E7FD3E00935306 /* KMLObject.swift */ = {isa = PBXFileReference; lastKnownFileType = sourcecode.swift; path = KMLObject.swift; sourceTree = "<group>"; };
		ADE1967525E8031D00935306 /* KMLUpdateOption.swift */ = {isa = PBXFileReference; lastKnownFileType = sourcecode.swift; path = KMLUpdateOption.swift; sourceTree = "<group>"; };
		ADE1967F25E8043100935306 /* KMLFeature.swift */ = {isa = PBXFileReference; lastKnownFileType = sourcecode.swift; path = KMLFeature.swift; sourceTree = "<group>"; };
		ADE1968325E8048000935306 /* AtomAuthor.swift */ = {isa = PBXFileReference; lastKnownFileType = sourcecode.swift; path = AtomAuthor.swift; sourceTree = "<group>"; };
		ADE1968725E804FF00935306 /* KMLLink.swift */ = {isa = PBXFileReference; lastKnownFileType = sourcecode.swift; path = KMLLink.swift; sourceTree = "<group>"; };
		ADE1968F25E8073A00935306 /* KMLStyle.swift */ = {isa = PBXFileReference; lastKnownFileType = sourcecode.swift; path = KMLStyle.swift; sourceTree = "<group>"; };
		ADE1969325E8076100935306 /* KMLRegion.swift */ = {isa = PBXFileReference; lastKnownFileType = sourcecode.swift; path = KMLRegion.swift; sourceTree = "<group>"; };
		ADE1969725E807CE00935306 /* KMLLevelOfDetail.swift */ = {isa = PBXFileReference; lastKnownFileType = sourcecode.swift; path = KMLLevelOfDetail.swift; sourceTree = "<group>"; };
		ADE196A125E809F700935306 /* KMLContainer.swift */ = {isa = PBXFileReference; lastKnownFileType = sourcecode.swift; path = KMLContainer.swift; sourceTree = "<group>"; };
		ADE196A925E80D4F00935306 /* KMLTour.swift */ = {isa = PBXFileReference; lastKnownFileType = sourcecode.swift; path = KMLTour.swift; sourceTree = "<group>"; };
		ADE196B125E80E2D00935306 /* KMLTourPrimitive.swift */ = {isa = PBXFileReference; lastKnownFileType = sourcecode.swift; path = KMLTourPrimitive.swift; sourceTree = "<group>"; };
		ADE196B725E8112100935306 /* KMLOverlay.swift */ = {isa = PBXFileReference; lastKnownFileType = sourcecode.swift; path = KMLOverlay.swift; sourceTree = "<group>"; };
		ADE196CD25E8167B00935306 /* KMLGeometry.swift */ = {isa = PBXFileReference; lastKnownFileType = sourcecode.swift; path = KMLGeometry.swift; sourceTree = "<group>"; };
		ADE196D325E8178100935306 /* KMLAltitudeMode.swift */ = {isa = PBXFileReference; lastKnownFileType = sourcecode.swift; path = KMLAltitudeMode.swift; sourceTree = "<group>"; };
		ADE196DD25E829CE00935306 /* KMLOrientation.swift */ = {isa = PBXFileReference; lastKnownFileType = sourcecode.swift; path = KMLOrientation.swift; sourceTree = "<group>"; };
		ADE196E925E8304800935306 /* KMLColor.swift */ = {isa = PBXFileReference; lastKnownFileType = sourcecode.swift; path = KMLColor.swift; sourceTree = "<group>"; };
		ADE196EF25E8373100935306 /* KMLCamera.swift */ = {isa = PBXFileReference; lastKnownFileType = sourcecode.swift; path = KMLCamera.swift; sourceTree = "<group>"; };
		ADE196F325E8380900935306 /* KMLLookAt.swift */ = {isa = PBXFileReference; lastKnownFileType = sourcecode.swift; path = KMLLookAt.swift; sourceTree = "<group>"; };
		ADE196FD25E84A3F00935306 /* KMLPlacemark.swift */ = {isa = PBXFileReference; lastKnownFileType = sourcecode.swift; path = KMLPlacemark.swift; sourceTree = "<group>"; };
		ADE1970125E84DCC00935306 /* KMLSnippet.swift */ = {isa = PBXFileReference; lastKnownFileType = sourcecode.swift; path = KMLSnippet.swift; sourceTree = "<group>"; };
		ADE1970525E8601300935306 /* KML_Samples.kml */ = {isa = PBXFileReference; fileEncoding = 4; lastKnownFileType = text.xml; path = KML_Samples.kml; sourceTree = "<group>"; };
		ADE1970B25E91E7D00935306 /* KMLLatLonAltBox.swift */ = {isa = PBXFileReference; lastKnownFileType = sourcecode.swift; path = KMLLatLonAltBox.swift; sourceTree = "<group>"; };
		ADE1972125E9652100935306 /* KMLWriter.swift */ = {isa = PBXFileReference; lastKnownFileType = sourcecode.swift; path = KMLWriter.swift; sourceTree = "<group>"; };
/* End PBXFileReference section */

/* Begin PBXFrameworksBuildPhase section */
		AD55D4ED25E990E20069A6CE /* Frameworks */ = {
			isa = PBXFrameworksBuildPhase;
			buildActionMask = 2147483647;
			files = (
				AD55D52825E991780069A6CE /* ZIPFoundation in Frameworks */,
			);
			runOnlyForDeploymentPostprocessing = 0;
		};
		ADE1961C25E7F2CB00935306 /* Frameworks */ = {
			isa = PBXFrameworksBuildPhase;
			buildActionMask = 2147483647;
			files = (
				ADE1964D25E7F54C00935306 /* ZIPFoundation in Frameworks */,
			);
			runOnlyForDeploymentPostprocessing = 0;
		};
		ADE1962525E7F2CB00935306 /* Frameworks */ = {
			isa = PBXFrameworksBuildPhase;
			buildActionMask = 2147483647;
			files = (
				ADE1962925E7F2CB00935306 /* KMLKit.framework in Frameworks */,
			);
			runOnlyForDeploymentPostprocessing = 0;
		};
/* End PBXFrameworksBuildPhase section */

/* Begin PBXGroup section */
		AD2A5A4E2603BE63001147C3 /* schema */ = {
			isa = PBXGroup;
			children = (
				AD2A5A4F2603BE87001147C3 /* atom-author-link.xsd */,
				AD2A5A502603BE87001147C3 /* kml22gx.xsd */,
				AD9AF45D261503E50023C647 /* ogckml22.xsd */,
				AD2A5A512603BE87001147C3 /* ogckml23.xsd */,
			);
			path = schema;
			sourceTree = "<group>";
		};
		AD55D4F125E990E20069A6CE /* KMLKit */ = {
			isa = PBXGroup;
			children = (
				AD55D4F225E990E20069A6CE /* KMLKit.h */,
				AD55D4F325E990E20069A6CE /* Info.plist */,
			);
			path = KMLKit;
			sourceTree = "<group>";
		};
		AD55D52625E991780069A6CE /* Frameworks */ = {
			isa = PBXGroup;
			children = (
			);
			name = Frameworks;
			sourceTree = "<group>";
		};
		ADE1961525E7F2CB00935306 = {
			isa = PBXGroup;
			children = (
				AD2A5A1526037537001147C3 /* LICENSE */,
				AD2A5A1426037537001147C3 /* README.md */,
				ADE1962125E7F2CB00935306 /* KMLKit */,
				ADE1962C25E7F2CB00935306 /* KMLKitTests */,
				AD55D4F125E990E20069A6CE /* KMLKit */,
				ADE1962025E7F2CB00935306 /* Products */,
				AD55D52625E991780069A6CE /* Frameworks */,
			);
			sourceTree = "<group>";
		};
		ADE1962025E7F2CB00935306 /* Products */ = {
			isa = PBXGroup;
			children = (
				ADE1961F25E7F2CB00935306 /* KMLKit.framework */,
				ADE1962825E7F2CB00935306 /* KMLKitTests.xctest */,
				AD55D4F025E990E20069A6CE /* KMLKit.framework */,
			);
			name = Products;
			sourceTree = "<group>";
		};
		ADE1962125E7F2CB00935306 /* KMLKit */ = {
			isa = PBXGroup;
			children = (
				ADE1966425E7FA5E00935306 /* Elements */,
				ADE1962325E7F2CB00935306 /* Info.plist */,
				ADE1962225E7F2CB00935306 /* KMLKit.h */,
				ADE1963C25E7F4D500935306 /* KMLParser.swift */,
				ADE1972125E9652100935306 /* KMLWriter.swift */,
				ADE1965025E7F58500935306 /* ParsingError.swift */,
			);
			path = KMLKit;
			sourceTree = "<group>";
		};
		ADE1962C25E7F2CB00935306 /* KMLKitTests */ = {
			isa = PBXGroup;
			children = (
				AD2A5A8326041C72001147C3 /* testdata */,
				ADE1962F25E7F2CB00935306 /* Info.plist */,
				AD55D53F25E997200069A6CE /* KmlColorTest.swift */,
				ADE1964425E7F4E400935306 /* KMLParserTest.swift */,
				AD55D6AC25F02C7E0069A6CE /* KMLWriterTest.swift */,
				ADE1965725E7F70E00935306 /* Sample Data */,
				AD2A5A4E2603BE63001147C3 /* schema */,
			);
			path = KMLKitTests;
			sourceTree = "<group>";
		};
		ADE1965725E7F70E00935306 /* Sample Data */ = {
			isa = PBXGroup;
			children = (
				AD55D62125ED62410069A6CE /* address_example.kml */,
				AD55D54625E9CD5F0069A6CE /* altitudemode_reference.kml */,
				AD55D54C25E9CD5F0069A6CE /* animatedupdate_example.kml */,
				ADE1965825E7F71F00935306 /* aprsfi_export_W8AGT-9_20210222_122629_20210225_122629.kml */,
				ADE1965925E7F71F00935306 /* aprsfi_export_W8AGT-9_20210222_122629_20210225_122629.kmz */,
				AD55D55925E9CD600069A6CE /* author_example.kml */,
				AD55D55125E9CD5F0069A6CE /* balloonstyle_example.kml */,
				AD55D54F25E9CD5F0069A6CE /* balloonvisibility_example.kml */,
				AD55D55C25E9CD600069A6CE /* balloonvisibility_tourexample.kml */,
				AD55D55625E9CD5F0069A6CE /* document_example.kml */,
				AD55D54D25E9CD5F0069A6CE /* embedded_video_sample.kml */,
				AD55D55025E9CD5F0069A6CE /* folder_example.kml */,
				AD55D55225E9CD5F0069A6CE /* groundoverlay_example.kml */,
				AD55D54825E9CD5F0069A6CE /* iconstyle_example.kml */,
				AD55D62C25EDAB2C0069A6CE /* kitchen_sink.kml */,
				ADE1970525E8601300935306 /* KML_Samples.kml */,
				AD55D55D25E9CD600069A6CE /* labelstyle_example.kml */,
				AD55D54925E9CD5F0069A6CE /* latlonquad_example.kml */,
				AD55D54B25E9CD5F0069A6CE /* linearring_example.kml */,
				AD55D55F25E9CD600069A6CE /* linestring_example.kml */,
				AD55D54725E9CD5F0069A6CE /* linestyle_example.kml */,
				AD55D54525E9CD5F0069A6CE /* liststyle_example.kml */,
				AD55D55425E9CD5F0069A6CE /* lookat_example.kml */,
				AD55D54E25E9CD5F0069A6CE /* networklinkcontrol_example.kml */,
				AD55D63425EDAE730069A6CE /* photooverlay_example.kml */,
				AD55D55A25E9CD600069A6CE /* placemark_example.kml */,
				AD55D54A25E9CD5F0069A6CE /* polygon_example.kml */,
				AD55D55325E9CD5F0069A6CE /* polystyle_example.kml */,
				AD55D55825E9CD600069A6CE /* simplefield_example.kml */,
				AD55D54425E9CD5F0069A6CE /* stylemap_example.kml */,
				AD55D55B25E9CD600069A6CE /* timespan_example.kml */,
				AD55D55525E9CD5F0069A6CE /* tourprimitive_example.kml */,
				AD55D55725E9CD600069A6CE /* track_example.kml */,
				AD55D55E25E9CD600069A6CE /* track_extended_example.kml */,
			);
			path = "Sample Data";
			sourceTree = "<group>";
		};
		ADE1966425E7FA5E00935306 /* Elements */ = {
			isa = PBXGroup;
			children = (
				ADE1968325E8048000935306 /* AtomAuthor.swift */,
				AD55D64525EEDDD80069A6CE /* AtomLink.swift */,
				ADE1966D25E7FC0F00935306 /* KMLAbstractView.swift */,
				ADE196D325E8178100935306 /* KMLAltitudeMode.swift */,
				ADE196EF25E8373100935306 /* KMLCamera.swift */,
				ADE196E925E8304800935306 /* KMLColor.swift */,
				ADE196A125E809F700935306 /* KMLContainer.swift */,
				AD55D5FA25ED40400069A6CE /* KMLData.swift */,
				AD55D5F125EC625E0069A6CE /* KMLDocument.swift */,
				ADE1967F25E8043100935306 /* KMLFeature.swift */,
				ADE196CD25E8167B00935306 /* KMLGeometry.swift */,
				ADE1970B25E91E7D00935306 /* KMLLatLonAltBox.swift */,
				ADE1969725E807CE00935306 /* KMLLevelOfDetail.swift */,
				ADE1968725E804FF00935306 /* KMLLink.swift */,
				ADE196F325E8380900935306 /* KMLLookAt.swift */,
				AD55D69825EF12910069A6CE /* KMLNetworkLink.swift */,
				ADE1966525E7FA6D00935306 /* KMLNetworkLinkControl.swift */,
				ADE1967125E7FD3E00935306 /* KMLObject.swift */,
				ADE196DD25E829CE00935306 /* KMLOrientation.swift */,
				ADE196B725E8112100935306 /* KMLOverlay.swift */,
				ADE196FD25E84A3F00935306 /* KMLPlacemark.swift */,
				ADE1969325E8076100935306 /* KMLRegion.swift */,
				ADE1966025E7F84100935306 /* KMLRoot.swift */,
				AD55D5E525EC267A0069A6CE /* KMLSchema.swift */,
				AD55D61225ED451E0069A6CE /* KMLSchemaData.swift */,
				AD55D60C25ED44890069A6CE /* KMLSimpleData.swift */,
				AD55D5EB25EC26B70069A6CE /* KMLSimpleField.swift */,
				ADE1970125E84DCC00935306 /* KMLSnippet.swift */,
				ADE1968F25E8073A00935306 /* KMLStyle.swift */,
				AD55D5DF25EBE6590069A6CE /* KMLTimeStamp.swift */,
				ADE196A925E80D4F00935306 /* KMLTour.swift */,
				ADE196B125E80E2D00935306 /* KMLTourPrimitive.swift */,
				AD55D61825ED48780069A6CE /* KMLTrack.swift */,
				ADE1967525E8031D00935306 /* KMLUpdateOption.swift */,
			);
			path = Elements;
			sourceTree = "<group>";
		};
/* End PBXGroup section */

/* Begin PBXHeadersBuildPhase section */
		AD55D4EB25E990E20069A6CE /* Headers */ = {
			isa = PBXHeadersBuildPhase;
			buildActionMask = 2147483647;
			files = (
				AD55D4F425E990E20069A6CE /* KMLKit.h in Headers */,
			);
			runOnlyForDeploymentPostprocessing = 0;
		};
		ADE1961A25E7F2CB00935306 /* Headers */ = {
			isa = PBXHeadersBuildPhase;
			buildActionMask = 2147483647;
			files = (
				ADE1963025E7F2CB00935306 /* KMLKit.h in Headers */,
			);
			runOnlyForDeploymentPostprocessing = 0;
		};
/* End PBXHeadersBuildPhase section */

/* Begin PBXNativeTarget section */
		AD55D4EF25E990E20069A6CE /* iOS KMLKit */ = {
			isa = PBXNativeTarget;
			buildConfigurationList = AD55D4F525E990E20069A6CE /* Build configuration list for PBXNativeTarget "iOS KMLKit" */;
			buildPhases = (
				AD55D4EB25E990E20069A6CE /* Headers */,
				AD55D4EC25E990E20069A6CE /* Sources */,
				AD55D4ED25E990E20069A6CE /* Frameworks */,
				AD55D4EE25E990E20069A6CE /* Resources */,
			);
			buildRules = (
			);
			dependencies = (
			);
			name = "iOS KMLKit";
			packageProductDependencies = (
				AD55D52725E991780069A6CE /* ZIPFoundation */,
			);
			productName = KMLKit;
			productReference = AD55D4F025E990E20069A6CE /* KMLKit.framework */;
			productType = "com.apple.product-type.framework";
		};
		ADE1961E25E7F2CB00935306 /* macOS KMLKit */ = {
			isa = PBXNativeTarget;
			buildConfigurationList = ADE1963325E7F2CB00935306 /* Build configuration list for PBXNativeTarget "macOS KMLKit" */;
			buildPhases = (
				ADE1961A25E7F2CB00935306 /* Headers */,
				ADE1961B25E7F2CB00935306 /* Sources */,
				ADE1961C25E7F2CB00935306 /* Frameworks */,
				ADE1961D25E7F2CB00935306 /* Resources */,
			);
			buildRules = (
			);
			dependencies = (
			);
			name = "macOS KMLKit";
			packageProductDependencies = (
				ADE1964C25E7F54C00935306 /* ZIPFoundation */,
			);
			productName = KMLKit;
			productReference = ADE1961F25E7F2CB00935306 /* KMLKit.framework */;
			productType = "com.apple.product-type.framework";
		};
		ADE1962725E7F2CB00935306 /* KMLKitTests */ = {
			isa = PBXNativeTarget;
			buildConfigurationList = ADE1963625E7F2CB00935306 /* Build configuration list for PBXNativeTarget "KMLKitTests" */;
			buildPhases = (
				ADE1962425E7F2CB00935306 /* Sources */,
				ADE1962525E7F2CB00935306 /* Frameworks */,
				ADE1962625E7F2CB00935306 /* Resources */,
			);
			buildRules = (
			);
			dependencies = (
				ADE1962B25E7F2CB00935306 /* PBXTargetDependency */,
			);
			name = KMLKitTests;
			productName = KMLKitTests;
			productReference = ADE1962825E7F2CB00935306 /* KMLKitTests.xctest */;
			productType = "com.apple.product-type.bundle.unit-test";
		};
/* End PBXNativeTarget section */

/* Begin PBXProject section */
		ADE1961625E7F2CB00935306 /* Project object */ = {
			isa = PBXProject;
			attributes = {
				LastSwiftUpdateCheck = 1240;
				LastUpgradeCheck = 1410;
				TargetAttributes = {
					AD55D4EF25E990E20069A6CE = {
						CreatedOnToolsVersion = 12.4;
					};
					ADE1961E25E7F2CB00935306 = {
						CreatedOnToolsVersion = 12.4;
						LastSwiftMigration = 1240;
					};
					ADE1962725E7F2CB00935306 = {
						CreatedOnToolsVersion = 12.4;
						LastSwiftMigration = 1240;
					};
				};
			};
			buildConfigurationList = ADE1961925E7F2CB00935306 /* Build configuration list for PBXProject "KMLKit" */;
			compatibilityVersion = "Xcode 9.3";
			developmentRegion = en;
			hasScannedForEncodings = 0;
			knownRegions = (
				en,
				Base,
			);
			mainGroup = ADE1961525E7F2CB00935306;
			packageReferences = (
				ADE1964B25E7F54C00935306 /* XCRemoteSwiftPackageReference "ZIPFoundation" */,
			);
			productRefGroup = ADE1962025E7F2CB00935306 /* Products */;
			projectDirPath = "";
			projectRoot = "";
			targets = (
				ADE1961E25E7F2CB00935306 /* macOS KMLKit */,
				ADE1962725E7F2CB00935306 /* KMLKitTests */,
				AD55D4EF25E990E20069A6CE /* iOS KMLKit */,
			);
		};
/* End PBXProject section */

/* Begin PBXResourcesBuildPhase section */
		AD55D4EE25E990E20069A6CE /* Resources */ = {
			isa = PBXResourcesBuildPhase;
			buildActionMask = 2147483647;
			files = (
				AD2A5A1B26037537001147C3 /* LICENSE in Resources */,
				AD2A5A1826037537001147C3 /* README.md in Resources */,
			);
			runOnlyForDeploymentPostprocessing = 0;
		};
		ADE1961D25E7F2CB00935306 /* Resources */ = {
			isa = PBXResourcesBuildPhase;
			buildActionMask = 2147483647;
			files = (
				AD2A5A1926037537001147C3 /* LICENSE in Resources */,
				AD2A5A1626037537001147C3 /* README.md in Resources */,
			);
			runOnlyForDeploymentPostprocessing = 0;
		};
		ADE1962625E7F2CB00935306 /* Resources */ = {
			isa = PBXResourcesBuildPhase;
			buildActionMask = 2147483647;
			files = (
				AD55D56D25E9CD600069A6CE /* balloonstyle_example.kml in Resources */,
				AD55D57025E9CD600069A6CE /* lookat_example.kml in Resources */,
				AD2A5A8426041C72001147C3 /* testdata in Resources */,
				AD55D57625E9CD600069A6CE /* placemark_example.kml in Resources */,
				AD2A5A522603BE87001147C3 /* atom-author-link.xsd in Resources */,
				AD55D57525E9CD600069A6CE /* author_example.kml in Resources */,
				AD55D57A25E9CD600069A6CE /* track_extended_example.kml in Resources */,
				AD55D57425E9CD600069A6CE /* simplefield_example.kml in Resources */,
				AD2A5A1A26037537001147C3 /* LICENSE in Resources */,
				AD55D56725E9CD600069A6CE /* linearring_example.kml in Resources */,
				AD55D62D25EDAB2C0069A6CE /* kitchen_sink.kml in Resources */,
				AD55D57325E9CD600069A6CE /* track_example.kml in Resources */,
				AD55D57725E9CD600069A6CE /* timespan_example.kml in Resources */,
				AD55D56025E9CD600069A6CE /* stylemap_example.kml in Resources */,
				AD55D56A25E9CD600069A6CE /* networklinkcontrol_example.kml in Resources */,
				AD55D56125E9CD600069A6CE /* liststyle_example.kml in Resources */,
				AD55D56B25E9CD600069A6CE /* balloonvisibility_example.kml in Resources */,
				AD55D56925E9CD600069A6CE /* embedded_video_sample.kml in Resources */,
				AD55D57825E9CD600069A6CE /* balloonvisibility_tourexample.kml in Resources */,
				ADE1970625E8601300935306 /* KML_Samples.kml in Resources */,
				AD2A5A1726037537001147C3 /* README.md in Resources */,
				ADE1965B25E7F71F00935306 /* aprsfi_export_W8AGT-9_20210222_122629_20210225_122629.kmz in Resources */,
				AD55D56F25E9CD600069A6CE /* polystyle_example.kml in Resources */,
				AD55D56625E9CD600069A6CE /* polygon_example.kml in Resources */,
				AD55D56525E9CD600069A6CE /* latlonquad_example.kml in Resources */,
				AD2A5A542603BE87001147C3 /* ogckml23.xsd in Resources */,
				AD55D57B25E9CD600069A6CE /* linestring_example.kml in Resources */,
				AD55D56425E9CD600069A6CE /* iconstyle_example.kml in Resources */,
				AD55D63525EDAE730069A6CE /* photooverlay_example.kml in Resources */,
				AD55D62225ED62410069A6CE /* address_example.kml in Resources */,
				AD55D57225E9CD600069A6CE /* document_example.kml in Resources */,
				AD55D56C25E9CD600069A6CE /* folder_example.kml in Resources */,
				AD55D57925E9CD600069A6CE /* labelstyle_example.kml in Resources */,
				AD55D56E25E9CD600069A6CE /* groundoverlay_example.kml in Resources */,
				ADE1965A25E7F71F00935306 /* aprsfi_export_W8AGT-9_20210222_122629_20210225_122629.kml in Resources */,
				AD9AF45E261503E50023C647 /* ogckml22.xsd in Resources */,
				AD55D56825E9CD600069A6CE /* animatedupdate_example.kml in Resources */,
				AD55D57125E9CD600069A6CE /* tourprimitive_example.kml in Resources */,
				AD2A5A532603BE87001147C3 /* kml22gx.xsd in Resources */,
				AD55D56225E9CD600069A6CE /* altitudemode_reference.kml in Resources */,
				AD55D56325E9CD600069A6CE /* linestyle_example.kml in Resources */,
			);
			runOnlyForDeploymentPostprocessing = 0;
		};
/* End PBXResourcesBuildPhase section */

/* Begin PBXSourcesBuildPhase section */
		AD55D4EC25E990E20069A6CE /* Sources */ = {
			isa = PBXSourcesBuildPhase;
			buildActionMask = 2147483647;
			files = (
				AD55D5ED25EC26B70069A6CE /* KMLSimpleField.swift in Sources */,
				AD55D5E125EBE6590069A6CE /* KMLTimeStamp.swift in Sources */,
				AD55D50325E991390069A6CE /* KMLFeature.swift in Sources */,
				AD55D50A25E991390069A6CE /* KMLRoot.swift in Sources */,
				AD55D51F25E9914A0069A6CE /* KMLParser.swift in Sources */,
				AD55D50425E991390069A6CE /* KMLLookAt.swift in Sources */,
				AD55D50525E991390069A6CE /* KMLLevelOfDetail.swift in Sources */,
				AD55D69A25EF12910069A6CE /* KMLNetworkLink.swift in Sources */,
				AD55D50625E991390069A6CE /* KMLRegion.swift in Sources */,
				AD55D51325E991390069A6CE /* KMLTourPrimitive.swift in Sources */,
				AD55D61A25ED48780069A6CE /* KMLTrack.swift in Sources */,
				AD55D50825E991390069A6CE /* KMLColor.swift in Sources */,
				AD55D61425ED451E0069A6CE /* KMLSchemaData.swift in Sources */,
				AD55D51625E991390069A6CE /* KMLPlacemark.swift in Sources */,
				AD55D65425EEDF560069A6CE /* AtomLink.swift in Sources */,
				AD55D5E725EC267A0069A6CE /* KMLSchema.swift in Sources */,
				AD55D4FE25E991260069A6CE /* KMLAbstractView.swift in Sources */,
				AD55D50925E991390069A6CE /* KMLAltitudeMode.swift in Sources */,
				AD55D5F325EC625E0069A6CE /* KMLDocument.swift in Sources */,
				AD55D50C25E991390069A6CE /* KMLCamera.swift in Sources */,
				AD55D60E25ED44890069A6CE /* KMLSimpleData.swift in Sources */,
				AD55D51225E991390069A6CE /* KMLNetworkLinkControl.swift in Sources */,
				AD55D50D25E991390069A6CE /* AtomAuthor.swift in Sources */,
				AD55D52125E9914A0069A6CE /* ParsingError.swift in Sources */,
				AD55D50725E991390069A6CE /* KMLUpdateOption.swift in Sources */,
				AD55D51125E991390069A6CE /* KMLTour.swift in Sources */,
				AD55D50E25E991390069A6CE /* KMLLatLonAltBox.swift in Sources */,
				AD55D50B25E991390069A6CE /* KMLSnippet.swift in Sources */,
				AD55D51725E991390069A6CE /* KMLContainer.swift in Sources */,
				AD55D50225E991390069A6CE /* KMLObject.swift in Sources */,
				AD55D51525E991390069A6CE /* KMLStyle.swift in Sources */,
				AD55D51425E991390069A6CE /* KMLLink.swift in Sources */,
				AD55D51A25E991390069A6CE /* KMLOverlay.swift in Sources */,
				AD55D51B25E991390069A6CE /* KMLOrientation.swift in Sources */,
				AD55D5FC25ED40400069A6CE /* KMLData.swift in Sources */,
				AD55D51925E991390069A6CE /* KMLGeometry.swift in Sources */,
			);
			runOnlyForDeploymentPostprocessing = 0;
		};
		ADE1961B25E7F2CB00935306 /* Sources */ = {
			isa = PBXSourcesBuildPhase;
			buildActionMask = 2147483647;
			files = (
				AD55D5EC25EC26B70069A6CE /* KMLSimpleField.swift in Sources */,
				ADE196B825E8112100935306 /* KMLOverlay.swift in Sources */,
				AD55D5E025EBE6590069A6CE /* KMLTimeStamp.swift in Sources */,
				ADE1966E25E7FC0F00935306 /* KMLAbstractView.swift in Sources */,
				ADE196FE25E84A3F00935306 /* KMLPlacemark.swift in Sources */,
				ADE196CE25E8167B00935306 /* KMLGeometry.swift in Sources */,
				ADE1967225E7FD3E00935306 /* KMLObject.swift in Sources */,
				AD55D69925EF12910069A6CE /* KMLNetworkLink.swift in Sources */,
				ADE1969825E807CE00935306 /* KMLLevelOfDetail.swift in Sources */,
				ADE196D425E8178100935306 /* KMLAltitudeMode.swift in Sources */,
				ADE1966125E7F84100935306 /* KMLRoot.swift in Sources */,
				AD55D61925ED48780069A6CE /* KMLTrack.swift in Sources */,
				AD55D61325ED451E0069A6CE /* KMLSchemaData.swift in Sources */,
				ADE196F025E8373200935306 /* KMLCamera.swift in Sources */,
				AD55D65325EEDF550069A6CE /* AtomLink.swift in Sources */,
				AD55D5E625EC267A0069A6CE /* KMLSchema.swift in Sources */,
				ADE196B225E80E2D00935306 /* KMLTourPrimitive.swift in Sources */,
				ADE1970C25E91E7D00935306 /* KMLLatLonAltBox.swift in Sources */,
				AD55D5F225EC625E0069A6CE /* KMLDocument.swift in Sources */,
				ADE1972225E9652100935306 /* KMLWriter.swift in Sources */,
				ADE1968825E804FF00935306 /* KMLLink.swift in Sources */,
				AD55D60D25ED44890069A6CE /* KMLSimpleData.swift in Sources */,
				ADE1968425E8048000935306 /* AtomAuthor.swift in Sources */,
				ADE1967625E8031D00935306 /* KMLUpdateOption.swift in Sources */,
				ADE196EA25E8304800935306 /* KMLColor.swift in Sources */,
				ADE1965125E7F58500935306 /* ParsingError.swift in Sources */,
				ADE196DE25E829CE00935306 /* KMLOrientation.swift in Sources */,
				ADE1968025E8043100935306 /* KMLFeature.swift in Sources */,
				ADE1970225E84DCC00935306 /* KMLSnippet.swift in Sources */,
				ADE1969025E8073A00935306 /* KMLStyle.swift in Sources */,
				ADE1969425E8076100935306 /* KMLRegion.swift in Sources */,
				ADE196AA25E80D4F00935306 /* KMLTour.swift in Sources */,
				ADE196A225E809F700935306 /* KMLContainer.swift in Sources */,
				ADE1963E25E7F4D500935306 /* KMLParser.swift in Sources */,
				ADE196F425E8380900935306 /* KMLLookAt.swift in Sources */,
				AD55D5FB25ED40400069A6CE /* KMLData.swift in Sources */,
				ADE1966625E7FA6D00935306 /* KMLNetworkLinkControl.swift in Sources */,
			);
			runOnlyForDeploymentPostprocessing = 0;
		};
		ADE1962425E7F2CB00935306 /* Sources */ = {
			isa = PBXSourcesBuildPhase;
			buildActionMask = 2147483647;
			files = (
				AD55D54025E997200069A6CE /* KmlColorTest.swift in Sources */,
				AD55D6AD25F02C7F0069A6CE /* KMLWriterTest.swift in Sources */,
				ADE1964625E7F4E400935306 /* KMLParserTest.swift in Sources */,
			);
			runOnlyForDeploymentPostprocessing = 0;
		};
/* End PBXSourcesBuildPhase section */

/* Begin PBXTargetDependency section */
		ADE1962B25E7F2CB00935306 /* PBXTargetDependency */ = {
			isa = PBXTargetDependency;
			target = ADE1961E25E7F2CB00935306 /* macOS KMLKit */;
			targetProxy = ADE1962A25E7F2CB00935306 /* PBXContainerItemProxy */;
		};
/* End PBXTargetDependency section */

/* Begin XCBuildConfiguration section */
		AD55D4F625E990E20069A6CE /* Debug */ = {
			isa = XCBuildConfiguration;
			buildSettings = {
				CODE_SIGN_STYLE = Automatic;
				DEFINES_MODULE = YES;
				DEVELOPMENT_TEAM = EX25C7QZ85;
				DYLIB_COMPATIBILITY_VERSION = 1;
				DYLIB_CURRENT_VERSION = 1;
				DYLIB_INSTALL_NAME_BASE = "@rpath";
				INFOPLIST_FILE = KMLKit/Info.plist;
				INSTALL_PATH = "$(LOCAL_LIBRARY_DIR)/Frameworks";
				IPHONEOS_DEPLOYMENT_TARGET = 14.4;
				LD_RUNPATH_SEARCH_PATHS = (
					"$(inherited)",
					"@executable_path/Frameworks",
					"@loader_path/Frameworks",
				);
				PRODUCT_BUNDLE_IDENTIFIER = com.w8wjb.KMLKit;
				PRODUCT_NAME = KMLKit;
				SDKROOT = iphoneos;
				SKIP_INSTALL = YES;
				SWIFT_VERSION = 5.0;
				TARGETED_DEVICE_FAMILY = "1,2";
			};
			name = Debug;
		};
		AD55D4F725E990E20069A6CE /* Release */ = {
			isa = XCBuildConfiguration;
			buildSettings = {
				CODE_SIGN_STYLE = Automatic;
				DEFINES_MODULE = YES;
				DEVELOPMENT_TEAM = EX25C7QZ85;
				DYLIB_COMPATIBILITY_VERSION = 1;
				DYLIB_CURRENT_VERSION = 1;
				DYLIB_INSTALL_NAME_BASE = "@rpath";
				INFOPLIST_FILE = KMLKit/Info.plist;
				INSTALL_PATH = "$(LOCAL_LIBRARY_DIR)/Frameworks";
				IPHONEOS_DEPLOYMENT_TARGET = 14.4;
				LD_RUNPATH_SEARCH_PATHS = (
					"$(inherited)",
					"@executable_path/Frameworks",
					"@loader_path/Frameworks",
				);
				PRODUCT_BUNDLE_IDENTIFIER = com.w8wjb.KMLKit;
				PRODUCT_NAME = KMLKit;
				SDKROOT = iphoneos;
				SKIP_INSTALL = YES;
				SWIFT_VERSION = 5.0;
				TARGETED_DEVICE_FAMILY = "1,2";
				VALIDATE_PRODUCT = YES;
			};
			name = Release;
		};
		ADE1963125E7F2CB00935306 /* Debug */ = {
			isa = XCBuildConfiguration;
			buildSettings = {
				ALWAYS_SEARCH_USER_PATHS = NO;
				CLANG_ANALYZER_NONNULL = YES;
				CLANG_ANALYZER_NUMBER_OBJECT_CONVERSION = YES_AGGRESSIVE;
				CLANG_CXX_LANGUAGE_STANDARD = "gnu++14";
				CLANG_CXX_LIBRARY = "libc++";
				CLANG_ENABLE_MODULES = YES;
				CLANG_ENABLE_OBJC_ARC = YES;
				CLANG_ENABLE_OBJC_WEAK = YES;
				CLANG_WARN_BLOCK_CAPTURE_AUTORELEASING = YES;
				CLANG_WARN_BOOL_CONVERSION = YES;
				CLANG_WARN_COMMA = YES;
				CLANG_WARN_CONSTANT_CONVERSION = YES;
				CLANG_WARN_DEPRECATED_OBJC_IMPLEMENTATIONS = YES;
				CLANG_WARN_DIRECT_OBJC_ISA_USAGE = YES_ERROR;
				CLANG_WARN_DOCUMENTATION_COMMENTS = YES;
				CLANG_WARN_EMPTY_BODY = YES;
				CLANG_WARN_ENUM_CONVERSION = YES;
				CLANG_WARN_INFINITE_RECURSION = YES;
				CLANG_WARN_INT_CONVERSION = YES;
				CLANG_WARN_NON_LITERAL_NULL_CONVERSION = YES;
				CLANG_WARN_OBJC_IMPLICIT_RETAIN_SELF = YES;
				CLANG_WARN_OBJC_LITERAL_CONVERSION = YES;
				CLANG_WARN_OBJC_ROOT_CLASS = YES_ERROR;
				CLANG_WARN_QUOTED_INCLUDE_IN_FRAMEWORK_HEADER = YES;
				CLANG_WARN_RANGE_LOOP_ANALYSIS = YES;
				CLANG_WARN_STRICT_PROTOTYPES = YES;
				CLANG_WARN_SUSPICIOUS_MOVE = YES;
				CLANG_WARN_UNGUARDED_AVAILABILITY = YES_AGGRESSIVE;
				CLANG_WARN_UNREACHABLE_CODE = YES;
				CLANG_WARN__DUPLICATE_METHOD_MATCH = YES;
				COPY_PHASE_STRIP = NO;
				CURRENT_PROJECT_VERSION = 1;
				DEAD_CODE_STRIPPING = YES;
				DEBUG_INFORMATION_FORMAT = dwarf;
				ENABLE_STRICT_OBJC_MSGSEND = YES;
				ENABLE_TESTABILITY = YES;
				GCC_C_LANGUAGE_STANDARD = gnu11;
				GCC_DYNAMIC_NO_PIC = NO;
				GCC_NO_COMMON_BLOCKS = YES;
				GCC_OPTIMIZATION_LEVEL = 0;
				GCC_PREPROCESSOR_DEFINITIONS = (
					"DEBUG=1",
					"$(inherited)",
				);
				GCC_WARN_64_TO_32_BIT_CONVERSION = YES;
				GCC_WARN_ABOUT_RETURN_TYPE = YES_ERROR;
				GCC_WARN_UNDECLARED_SELECTOR = YES;
				GCC_WARN_UNINITIALIZED_AUTOS = YES_AGGRESSIVE;
				GCC_WARN_UNUSED_FUNCTION = YES;
				GCC_WARN_UNUSED_VARIABLE = YES;
				MACOSX_DEPLOYMENT_TARGET = 10.12;
				MTL_ENABLE_DEBUG_INFO = INCLUDE_SOURCE;
				MTL_FAST_MATH = YES;
				ONLY_ACTIVE_ARCH = YES;
				SDKROOT = macosx;
				SWIFT_ACTIVE_COMPILATION_CONDITIONS = DEBUG;
				SWIFT_OPTIMIZATION_LEVEL = "-Onone";
				VERSIONING_SYSTEM = "apple-generic";
				VERSION_INFO_PREFIX = "";
			};
			name = Debug;
		};
		ADE1963225E7F2CB00935306 /* Release */ = {
			isa = XCBuildConfiguration;
			buildSettings = {
				ALWAYS_SEARCH_USER_PATHS = NO;
				CLANG_ANALYZER_NONNULL = YES;
				CLANG_ANALYZER_NUMBER_OBJECT_CONVERSION = YES_AGGRESSIVE;
				CLANG_CXX_LANGUAGE_STANDARD = "gnu++14";
				CLANG_CXX_LIBRARY = "libc++";
				CLANG_ENABLE_MODULES = YES;
				CLANG_ENABLE_OBJC_ARC = YES;
				CLANG_ENABLE_OBJC_WEAK = YES;
				CLANG_WARN_BLOCK_CAPTURE_AUTORELEASING = YES;
				CLANG_WARN_BOOL_CONVERSION = YES;
				CLANG_WARN_COMMA = YES;
				CLANG_WARN_CONSTANT_CONVERSION = YES;
				CLANG_WARN_DEPRECATED_OBJC_IMPLEMENTATIONS = YES;
				CLANG_WARN_DIRECT_OBJC_ISA_USAGE = YES_ERROR;
				CLANG_WARN_DOCUMENTATION_COMMENTS = YES;
				CLANG_WARN_EMPTY_BODY = YES;
				CLANG_WARN_ENUM_CONVERSION = YES;
				CLANG_WARN_INFINITE_RECURSION = YES;
				CLANG_WARN_INT_CONVERSION = YES;
				CLANG_WARN_NON_LITERAL_NULL_CONVERSION = YES;
				CLANG_WARN_OBJC_IMPLICIT_RETAIN_SELF = YES;
				CLANG_WARN_OBJC_LITERAL_CONVERSION = YES;
				CLANG_WARN_OBJC_ROOT_CLASS = YES_ERROR;
				CLANG_WARN_QUOTED_INCLUDE_IN_FRAMEWORK_HEADER = YES;
				CLANG_WARN_RANGE_LOOP_ANALYSIS = YES;
				CLANG_WARN_STRICT_PROTOTYPES = YES;
				CLANG_WARN_SUSPICIOUS_MOVE = YES;
				CLANG_WARN_UNGUARDED_AVAILABILITY = YES_AGGRESSIVE;
				CLANG_WARN_UNREACHABLE_CODE = YES;
				CLANG_WARN__DUPLICATE_METHOD_MATCH = YES;
				COPY_PHASE_STRIP = NO;
				CURRENT_PROJECT_VERSION = 1;
				DEAD_CODE_STRIPPING = YES;
				DEBUG_INFORMATION_FORMAT = "dwarf-with-dsym";
				ENABLE_NS_ASSERTIONS = NO;
				ENABLE_STRICT_OBJC_MSGSEND = YES;
				GCC_C_LANGUAGE_STANDARD = gnu11;
				GCC_NO_COMMON_BLOCKS = YES;
				GCC_WARN_64_TO_32_BIT_CONVERSION = YES;
				GCC_WARN_ABOUT_RETURN_TYPE = YES_ERROR;
				GCC_WARN_UNDECLARED_SELECTOR = YES;
				GCC_WARN_UNINITIALIZED_AUTOS = YES_AGGRESSIVE;
				GCC_WARN_UNUSED_FUNCTION = YES;
				GCC_WARN_UNUSED_VARIABLE = YES;
				MACOSX_DEPLOYMENT_TARGET = 10.12;
				MTL_ENABLE_DEBUG_INFO = NO;
				MTL_FAST_MATH = YES;
				SDKROOT = macosx;
				SWIFT_COMPILATION_MODE = wholemodule;
				SWIFT_OPTIMIZATION_LEVEL = "-O";
				VERSIONING_SYSTEM = "apple-generic";
				VERSION_INFO_PREFIX = "";
			};
			name = Release;
		};
		ADE1963425E7F2CB00935306 /* Debug */ = {
			isa = XCBuildConfiguration;
			buildSettings = {
				CLANG_ENABLE_MODULES = YES;
				CODE_SIGN_STYLE = Automatic;
				COMBINE_HIDPI_IMAGES = YES;
				DEAD_CODE_STRIPPING = YES;
				DEFINES_MODULE = YES;
				DEVELOPMENT_TEAM = EX25C7QZ85;
				DYLIB_COMPATIBILITY_VERSION = 1;
				DYLIB_CURRENT_VERSION = 1;
				DYLIB_INSTALL_NAME_BASE = "@rpath";
				INFOPLIST_FILE = KMLKit/Info.plist;
				INSTALL_PATH = "$(LOCAL_LIBRARY_DIR)/Frameworks";
				LD_RUNPATH_SEARCH_PATHS = (
					"$(inherited)",
					"@executable_path/../Frameworks",
					"@loader_path/Frameworks",
				);
				MACOSX_DEPLOYMENT_TARGET = 10.13;
				PRODUCT_BUNDLE_IDENTIFIER = com.w8wjb.KMLKit;
				PRODUCT_NAME = KMLKit;
				SKIP_INSTALL = YES;
				SWIFT_OPTIMIZATION_LEVEL = "-Onone";
				SWIFT_VERSION = 5.0;
			};
			name = Debug;
		};
		ADE1963525E7F2CB00935306 /* Release */ = {
			isa = XCBuildConfiguration;
			buildSettings = {
				CLANG_ENABLE_MODULES = YES;
				CODE_SIGN_STYLE = Automatic;
				COMBINE_HIDPI_IMAGES = YES;
				DEAD_CODE_STRIPPING = YES;
				DEFINES_MODULE = YES;
				DEVELOPMENT_TEAM = EX25C7QZ85;
				DYLIB_COMPATIBILITY_VERSION = 1;
				DYLIB_CURRENT_VERSION = 1;
				DYLIB_INSTALL_NAME_BASE = "@rpath";
				INFOPLIST_FILE = KMLKit/Info.plist;
				INSTALL_PATH = "$(LOCAL_LIBRARY_DIR)/Frameworks";
				LD_RUNPATH_SEARCH_PATHS = (
					"$(inherited)",
					"@executable_path/../Frameworks",
					"@loader_path/Frameworks",
				);
				MACOSX_DEPLOYMENT_TARGET = 10.13;
				PRODUCT_BUNDLE_IDENTIFIER = com.w8wjb.KMLKit;
				PRODUCT_NAME = KMLKit;
				SKIP_INSTALL = YES;
				SWIFT_VERSION = 5.0;
			};
			name = Release;
		};
		ADE1963725E7F2CB00935306 /* Debug */ = {
			isa = XCBuildConfiguration;
			buildSettings = {
				ALWAYS_EMBED_SWIFT_STANDARD_LIBRARIES = YES;
				CLANG_ENABLE_MODULES = YES;
				CODE_SIGN_STYLE = Automatic;
				COMBINE_HIDPI_IMAGES = YES;
				DEAD_CODE_STRIPPING = YES;
				DEVELOPMENT_TEAM = EX25C7QZ85;
				INFOPLIST_FILE = KMLKitTests/Info.plist;
				LD_RUNPATH_SEARCH_PATHS = (
					"$(inherited)",
					"@executable_path/../Frameworks",
					"@loader_path/../Frameworks",
				);
				MACOSX_DEPLOYMENT_TARGET = 10.15;
				PRODUCT_BUNDLE_IDENTIFIER = com.w8wjb.KMLKitTests;
				PRODUCT_NAME = "$(TARGET_NAME)";
				SWIFT_OBJC_BRIDGING_HEADER = "";
				SWIFT_OPTIMIZATION_LEVEL = "-Onone";
				SWIFT_VERSION = 5.0;
			};
			name = Debug;
		};
		ADE1963825E7F2CB00935306 /* Release */ = {
			isa = XCBuildConfiguration;
			buildSettings = {
				ALWAYS_EMBED_SWIFT_STANDARD_LIBRARIES = YES;
				CLANG_ENABLE_MODULES = YES;
				CODE_SIGN_STYLE = Automatic;
				COMBINE_HIDPI_IMAGES = YES;
				DEAD_CODE_STRIPPING = YES;
				DEVELOPMENT_TEAM = EX25C7QZ85;
				INFOPLIST_FILE = KMLKitTests/Info.plist;
				LD_RUNPATH_SEARCH_PATHS = (
					"$(inherited)",
					"@executable_path/../Frameworks",
					"@loader_path/../Frameworks",
				);
				MACOSX_DEPLOYMENT_TARGET = 10.15;
				PRODUCT_BUNDLE_IDENTIFIER = com.w8wjb.KMLKitTests;
				PRODUCT_NAME = "$(TARGET_NAME)";
				SWIFT_OBJC_BRIDGING_HEADER = "";
				SWIFT_VERSION = 5.0;
			};
			name = Release;
		};
/* End XCBuildConfiguration section */

/* Begin XCConfigurationList section */
		AD55D4F525E990E20069A6CE /* Build configuration list for PBXNativeTarget "iOS KMLKit" */ = {
			isa = XCConfigurationList;
			buildConfigurations = (
				AD55D4F625E990E20069A6CE /* Debug */,
				AD55D4F725E990E20069A6CE /* Release */,
			);
			defaultConfigurationIsVisible = 0;
			defaultConfigurationName = Release;
		};
		ADE1961925E7F2CB00935306 /* Build configuration list for PBXProject "KMLKit" */ = {
			isa = XCConfigurationList;
			buildConfigurations = (
				ADE1963125E7F2CB00935306 /* Debug */,
				ADE1963225E7F2CB00935306 /* Release */,
			);
			defaultConfigurationIsVisible = 0;
			defaultConfigurationName = Release;
		};
		ADE1963325E7F2CB00935306 /* Build configuration list for PBXNativeTarget "macOS KMLKit" */ = {
			isa = XCConfigurationList;
			buildConfigurations = (
				ADE1963425E7F2CB00935306 /* Debug */,
				ADE1963525E7F2CB00935306 /* Release */,
			);
			defaultConfigurationIsVisible = 0;
			defaultConfigurationName = Release;
		};
		ADE1963625E7F2CB00935306 /* Build configuration list for PBXNativeTarget "KMLKitTests" */ = {
			isa = XCConfigurationList;
			buildConfigurations = (
				ADE1963725E7F2CB00935306 /* Debug */,
				ADE1963825E7F2CB00935306 /* Release */,
			);
			defaultConfigurationIsVisible = 0;
			defaultConfigurationName = Release;
		};
/* End XCConfigurationList section */

/* Begin XCRemoteSwiftPackageReference section */
		ADE1964B25E7F54C00935306 /* XCRemoteSwiftPackageReference "ZIPFoundation" */ = {
			isa = XCRemoteSwiftPackageReference;
			repositoryURL = "https://github.com/weichsel/ZIPFoundation.git";
			requirement = {
				kind = upToNextMajorVersion;
				minimumVersion = 0.9.12;
			};
		};
/* End XCRemoteSwiftPackageReference section */

/* Begin XCSwiftPackageProductDependency section */
		AD55D52725E991780069A6CE /* ZIPFoundation */ = {
			isa = XCSwiftPackageProductDependency;
			package = ADE1964B25E7F54C00935306 /* XCRemoteSwiftPackageReference "ZIPFoundation" */;
			productName = ZIPFoundation;
		};
		ADE1964C25E7F54C00935306 /* ZIPFoundation */ = {
			isa = XCSwiftPackageProductDependency;
			package = ADE1964B25E7F54C00935306 /* XCRemoteSwiftPackageReference "ZIPFoundation" */;
			productName = ZIPFoundation;
		};
/* End XCSwiftPackageProductDependency section */
	};
	rootObject = ADE1961625E7F2CB00935306 /* Project object */;
}
